{
    "requires": true,
    "lockfileVersion": 1,
    "dependencies": {
        "@fortawesome/fontawesome-pro": {
            "version": "6.0.0-beta1",
            "resolved": "https://npm.fontawesome.com/@fortawesome/fontawesome-pro/-/6.0.0-beta1/fontawesome-pro-6.0.0-beta1.tgz",
            "integrity": "sha512-qn/HZ4I1xiGiWRUhZtO4TMZBwQ9p9Ku95IcwehqEnqQ3KWtg79gYVl5g4MZL/7JxW4bDmZzORc0Gc9MHRS111w==",
            "dev": true
        }
    }
}
