{
    "requires": true,
    "lockfileVersion": 1,
    "dependencies": {
        "@fortawesome/fontawesome-pro": {
            "version": "6.0.0-alpha3",
            "resolved": "https://npm.fontawesome.com/@fortawesome/fontawesome-pro/-/6.0.0-alpha3/fontawesome-pro-6.0.0-alpha3.tgz",
            "integrity": "sha512-/ffbwdQNxpdv8cy1paeMnJAC+xGkD1LjHPeuWxerrrZqFO6sWmBKLNEgjHL/bE6qV7iyC3AhumDEv9XlwIw9oA==",
            "dev": true
        }
    }
}
